
Microsoft Visual Studio Solution File, Format Version 12.00
# Visual Studio Version 17
VisualStudioVersion = 17.3.32922.545
MinimumVisualStudioVersion = 10.0.40219.1
Project("{FAE04EC0-301F-11D3-BF4B-00C04F79EFBC}") = "Homework3", "Homework3\Homework3.csproj", "{4BE672CF-7CE3-4D47-8127-3165075F5971}"
EndProject
Global
	GlobalSection(SolutionConfigurationPlatforms) = preSolution
		Debug|Any CPU = Debug|Any CPU
		Release|Any CPU = Release|Any CPU
	EndGlobalSection
	GlobalSection(ProjectConfigurationPlatforms) = postSolution
		{4BE672CF-7CE3-4D47-8127-3165075F5971}.Debug|Any CPU.ActiveCfg = Debug|Any CPU
		{4BE672CF-7CE3-4D47-8127-3165075F5971}.Debug|Any CPU.Build.0 = Debug|Any CPU
		{4BE672CF-7CE3-4D47-8127-3165075F5971}.Release|Any CPU.ActiveCfg = Release|Any CPU
		{4BE672CF-7CE3-4D47-8127-3165075F5971}.Release|Any CPU.Build.0 = Release|Any CPU
	EndGlobalSection
	GlobalSection(SolutionProperties) = preSolution
		HideSolutionNode = FALSE
	EndGlobalSection
	GlobalSection(ExtensibilityGlobals) = postSolution
		SolutionGuid = {611FEE8A-27F8-4337-B565-59828253AC0D}
	EndGlobalSection
EndGlobal
